
Microsoft Visual Studio Solution File, Format Version 12.00
# Visual Studio 15
VisualStudioVersion = 15.0.27428.2043
MinimumVisualStudioVersion = 10.0.40219.1
Project("{FAE04EC0-301F-11D3-BF4B-00C04F79EFBC}") = "DesignPatterns", "DesignPAtters\DesignPatterns.csproj", "{AA41D345-77CB-4A48-9C94-1FCCA9381BF6}"
EndProject
Global
	GlobalSection(SolutionConfigurationPlatforms) = preSolution
		Debug|Any CPU = Debug|Any CPU
		Release|Any CPU = Release|Any CPU
	EndGlobalSection
	GlobalSection(ProjectConfigurationPlatforms) = postSolution
		{AA41D345-77CB-4A48-9C94-1FCCA9381BF6}.Debug|Any CPU.ActiveCfg = Debug|Any CPU
		{AA41D345-77CB-4A48-9C94-1FCCA9381BF6}.Debug|Any CPU.Build.0 = Debug|Any CPU
		{AA41D345-77CB-4A48-9C94-1FCCA9381BF6}.Release|Any CPU.ActiveCfg = Release|Any CPU
		{AA41D345-77CB-4A48-9C94-1FCCA9381BF6}.Release|Any CPU.Build.0 = Release|Any CPU
	EndGlobalSection
	GlobalSection(SolutionProperties) = preSolution
		HideSolutionNode = FALSE
	EndGlobalSection
	GlobalSection(ExtensibilityGlobals) = postSolution
		SolutionGuid = {BDEB7BA7-6F8C-442C-BC19-9220C6259B0A}
	EndGlobalSection
EndGlobal
