
Microsoft Visual Studio Solution File, Format Version 12.00
# Visual Studio Version 16
VisualStudioVersion = 16.0.31424.327
MinimumVisualStudioVersion = 10.0.40219.1
Project("{FAE04EC0-301F-11D3-BF4B-00C04F79EFBC}") = "TestDevOps", "TestDevOps\TestDevOps.csproj", "{CEADB9ED-1442-4CDE-AF98-96D80CAA17F5}"
EndProject
Global
	GlobalSection(SolutionConfigurationPlatforms) = preSolution
		Debug|Any CPU = Debug|Any CPU
		Release|Any CPU = Release|Any CPU
	EndGlobalSection
	GlobalSection(ProjectConfigurationPlatforms) = postSolution
		{CEADB9ED-1442-4CDE-AF98-96D80CAA17F5}.Debug|Any CPU.ActiveCfg = Debug|Any CPU
		{CEADB9ED-1442-4CDE-AF98-96D80CAA17F5}.Debug|Any CPU.Build.0 = Debug|Any CPU
		{CEADB9ED-1442-4CDE-AF98-96D80CAA17F5}.Release|Any CPU.ActiveCfg = Release|Any CPU
		{CEADB9ED-1442-4CDE-AF98-96D80CAA17F5}.Release|Any CPU.Build.0 = Release|Any CPU
	EndGlobalSection
	GlobalSection(SolutionProperties) = preSolution
		HideSolutionNode = FALSE
	EndGlobalSection
	GlobalSection(ExtensibilityGlobals) = postSolution
		SolutionGuid = {AD1E83F0-7373-4A2C-93A8-759A4ADB9D1D}
	EndGlobalSection
EndGlobal
